
Microsoft Visual Studio Solution File, Format Version 12.00
# Visual Studio 14
VisualStudioVersion = 14.0.23107.0
MinimumVisualStudioVersion = 10.0.40219.1
Project("{FAE04EC0-301F-11D3-BF4B-00C04F79EFBC}") = "Racetrack.Core", "Racetrack.Core\Racetrack.Core.csproj", "{B0C414A9-5319-45B7-BE69-9D22E61FFD46}"
EndProject
Project("{FAE04EC0-301F-11D3-BF4B-00C04F79EFBC}") = "Racetrack.Tests", "Racetrack.Tests\Racetrack.Tests.csproj", "{F265CF98-D465-43DF-AE6D-57D634B1DA4F}"
EndProject
Global
	GlobalSection(SolutionConfigurationPlatforms) = preSolution
		Debug|Any CPU = Debug|Any CPU
		Release|Any CPU = Release|Any CPU
	EndGlobalSection
	GlobalSection(ProjectConfigurationPlatforms) = postSolution
		{B0C414A9-5319-45B7-BE69-9D22E61FFD46}.Debug|Any CPU.ActiveCfg = Debug|Any CPU
		{B0C414A9-5319-45B7-BE69-9D22E61FFD46}.Debug|Any CPU.Build.0 = Debug|Any CPU
		{B0C414A9-5319-45B7-BE69-9D22E61FFD46}.Release|Any CPU.ActiveCfg = Release|Any CPU
		{B0C414A9-5319-45B7-BE69-9D22E61FFD46}.Release|Any CPU.Build.0 = Release|Any CPU
		{F265CF98-D465-43DF-AE6D-57D634B1DA4F}.Debug|Any CPU.ActiveCfg = Debug|Any CPU
		{F265CF98-D465-43DF-AE6D-57D634B1DA4F}.Debug|Any CPU.Build.0 = Debug|Any CPU
		{F265CF98-D465-43DF-AE6D-57D634B1DA4F}.Release|Any CPU.ActiveCfg = Release|Any CPU
		{F265CF98-D465-43DF-AE6D-57D634B1DA4F}.Release|Any CPU.Build.0 = Release|Any CPU
	EndGlobalSection
	GlobalSection(SolutionProperties) = preSolution
		HideSolutionNode = FALSE
	EndGlobalSection
EndGlobal
